
Microsoft Visual Studio Solution File, Format Version 12.00
# Visual Studio Version 17
VisualStudioVersion = 17.1.32210.238
MinimumVisualStudioVersion = 10.0.40219.1
Project("{9A19103F-16F7-4668-BE54-9A1E7A4F7556}") = "CarApp", "CarApp\CarApp.csproj", "{A502496E-6865-4E43-94FD-E1059C29ED48}"
EndProject
Project("{9A19103F-16F7-4668-BE54-9A1E7A4F7556}") = "Entities", "Entities\Entities.csproj", "{18825141-A928-4487-856C-7002DF10ABE0}"
EndProject
Project("{FAE04EC0-301F-11D3-BF4B-00C04F79EFBC}") = "DataAccess", "DataAccess\DataAccess.csproj", "{61B68A3F-3257-469E-955E-A2791DD39B1B}"
EndProject
Global
	GlobalSection(SolutionConfigurationPlatforms) = preSolution
		Debug|Any CPU = Debug|Any CPU
		Release|Any CPU = Release|Any CPU
	EndGlobalSection
	GlobalSection(ProjectConfigurationPlatforms) = postSolution
		{A502496E-6865-4E43-94FD-E1059C29ED48}.Debug|Any CPU.ActiveCfg = Debug|Any CPU
		{A502496E-6865-4E43-94FD-E1059C29ED48}.Debug|Any CPU.Build.0 = Debug|Any CPU
		{A502496E-6865-4E43-94FD-E1059C29ED48}.Release|Any CPU.ActiveCfg = Release|Any CPU
		{A502496E-6865-4E43-94FD-E1059C29ED48}.Release|Any CPU.Build.0 = Release|Any CPU
		{18825141-A928-4487-856C-7002DF10ABE0}.Debug|Any CPU.ActiveCfg = Debug|Any CPU
		{18825141-A928-4487-856C-7002DF10ABE0}.Debug|Any CPU.Build.0 = Debug|Any CPU
		{18825141-A928-4487-856C-7002DF10ABE0}.Release|Any CPU.ActiveCfg = Release|Any CPU
		{18825141-A928-4487-856C-7002DF10ABE0}.Release|Any CPU.Build.0 = Release|Any CPU
		{61B68A3F-3257-469E-955E-A2791DD39B1B}.Debug|Any CPU.ActiveCfg = Debug|Any CPU
		{61B68A3F-3257-469E-955E-A2791DD39B1B}.Debug|Any CPU.Build.0 = Debug|Any CPU
		{61B68A3F-3257-469E-955E-A2791DD39B1B}.Release|Any CPU.ActiveCfg = Release|Any CPU
		{61B68A3F-3257-469E-955E-A2791DD39B1B}.Release|Any CPU.Build.0 = Release|Any CPU
	EndGlobalSection
	GlobalSection(SolutionProperties) = preSolution
		HideSolutionNode = FALSE
	EndGlobalSection
	GlobalSection(ExtensibilityGlobals) = postSolution
		SolutionGuid = {CF2338A4-0400-4582-A161-40A690CDC7A5}
	EndGlobalSection
EndGlobal
